name: 'Lock threads'

on:
  workflow_dispatch:
  # Disabled: dessant/lock-threads has a bug with GITHUB_TOKEN length > 100 chars
  # Re-enable when upstream fix is available
  # schedule:
  #   - cron: '0 0 * * *'

jobs:
  lock:
    runs-on: ubuntu-latest
    steps:
      - uses: dessant/lock-threads@v5
        with:
          issue-inactive-days: '90'
          issue-lock-reason: 'resolved'
          pr-inactive-days: '365'
          pr-lock-reason: 'resolved'
